github.com/tamada/hugo_theme_mod v0.0.0-20260925043325-73f603f5f139 h1:geHBt1ZkPGhAbkPci/B9y92DAVkyec4h5PSSdjbM3hg=
github.com/tamada/hugo_theme_mod v0.0.0-20260925043325-73f603f5f139/go.mod h1:+NIBm4+UfDb90SqCJZngPJgdqb8MOZk7MCdZaYTxzec=
github.com/tamada/hugo_theme_mod v0.0.0-20260925061538-9db9e9141595 h1:I2oSKoCgLEgIdT18yIHGY9NG4Jhy8ogOxVkd6cFq3kY=
github.com/tamada/hugo_theme_mod v0.0.0-20260925061538-9db9e9141595/go.mod h1:+NIBm4+UfDb90SqCJZngPJgdqb8MOZk7MCdZaYTxzec=
